
Microsoft Visual Studio Solution File, Format Version 12.00
# Visual Studio 15
VisualStudioVersion = 15.0.28010.2046
MinimumVisualStudioVersion = 10.0.40219.1
Project("{FAE04EC0-301F-11D3-BF4B-00C04F79EFBC}") = "Yuansfer_SDK", "Yuansfer_SDK\Yuansfer_SDK.csproj", "{0722D474-DF74-40F1-AB47-A1A07EFCB1B7}"
EndProject
Project("{FAE04EC0-301F-11D3-BF4B-00C04F79EFBC}") = "Test", "Test\Test.csproj", "{DF509B77-1C0D-49C0-BB57-82437BBDE37D}"
EndProject
Global
	GlobalSection(SolutionConfigurationPlatforms) = preSolution
		Debug|Any CPU = Debug|Any CPU
		Release|Any CPU = Release|Any CPU
	EndGlobalSection
	GlobalSection(ProjectConfigurationPlatforms) = postSolution
		{0722D474-DF74-40F1-AB47-A1A07EFCB1B7}.Debug|Any CPU.ActiveCfg = Debug|Any CPU
		{0722D474-DF74-40F1-AB47-A1A07EFCB1B7}.Debug|Any CPU.Build.0 = Debug|Any CPU
		{0722D474-DF74-40F1-AB47-A1A07EFCB1B7}.Release|Any CPU.ActiveCfg = Release|Any CPU
		{0722D474-DF74-40F1-AB47-A1A07EFCB1B7}.Release|Any CPU.Build.0 = Release|Any CPU
		{DF509B77-1C0D-49C0-BB57-82437BBDE37D}.Debug|Any CPU.ActiveCfg = Debug|Any CPU
		{DF509B77-1C0D-49C0-BB57-82437BBDE37D}.Debug|Any CPU.Build.0 = Debug|Any CPU
		{DF509B77-1C0D-49C0-BB57-82437BBDE37D}.Release|Any CPU.ActiveCfg = Release|Any CPU
		{DF509B77-1C0D-49C0-BB57-82437BBDE37D}.Release|Any CPU.Build.0 = Release|Any CPU
	EndGlobalSection
	GlobalSection(SolutionProperties) = preSolution
		HideSolutionNode = FALSE
	EndGlobalSection
	GlobalSection(ExtensibilityGlobals) = postSolution
		SolutionGuid = {AF9DBCB5-4C30-4250-9A4E-3916126258BF}
	EndGlobalSection
EndGlobal
