
Microsoft Visual Studio Solution File, Format Version 12.00
# Visual Studio 15
VisualStudioVersion = 15.0.28010.2046
MinimumVisualStudioVersion = 10.0.40219.1
Project("{FAE04EC0-301F-11D3-BF4B-00C04F79EFBC}") = "Demo", "Demo\Demo.csproj", "{BAD6937C-1F6F-41AC-BF54-A55BF1167C03}"
EndProject
Project("{FAE04EC0-301F-11D3-BF4B-00C04F79EFBC}") = "Yuansfer_SDK", "Yuansfer_SDK\Yuansfer_SDK.csproj", "{7589167D-6356-4025-9F28-52B1E9CF05C5}"
EndProject
Project("{FAE04EC0-301F-11D3-BF4B-00C04F79EFBC}") = "Test", "Test\Test.csproj", "{9BE67B8C-68FB-4A6E-854E-2079A2DD9FB9}"
EndProject
Global
	GlobalSection(SolutionConfigurationPlatforms) = preSolution
		Debug|Any CPU = Debug|Any CPU
		Release|Any CPU = Release|Any CPU
	EndGlobalSection
	GlobalSection(ProjectConfigurationPlatforms) = postSolution
		{BAD6937C-1F6F-41AC-BF54-A55BF1167C03}.Debug|Any CPU.ActiveCfg = Debug|Any CPU
		{BAD6937C-1F6F-41AC-BF54-A55BF1167C03}.Debug|Any CPU.Build.0 = Debug|Any CPU
		{BAD6937C-1F6F-41AC-BF54-A55BF1167C03}.Release|Any CPU.ActiveCfg = Release|Any CPU
		{BAD6937C-1F6F-41AC-BF54-A55BF1167C03}.Release|Any CPU.Build.0 = Release|Any CPU
		{7589167D-6356-4025-9F28-52B1E9CF05C5}.Debug|Any CPU.ActiveCfg = Debug|Any CPU
		{7589167D-6356-4025-9F28-52B1E9CF05C5}.Debug|Any CPU.Build.0 = Debug|Any CPU
		{7589167D-6356-4025-9F28-52B1E9CF05C5}.Release|Any CPU.ActiveCfg = Release|Any CPU
		{7589167D-6356-4025-9F28-52B1E9CF05C5}.Release|Any CPU.Build.0 = Release|Any CPU
		{9BE67B8C-68FB-4A6E-854E-2079A2DD9FB9}.Debug|Any CPU.ActiveCfg = Debug|Any CPU
		{9BE67B8C-68FB-4A6E-854E-2079A2DD9FB9}.Debug|Any CPU.Build.0 = Debug|Any CPU
		{9BE67B8C-68FB-4A6E-854E-2079A2DD9FB9}.Release|Any CPU.ActiveCfg = Release|Any CPU
		{9BE67B8C-68FB-4A6E-854E-2079A2DD9FB9}.Release|Any CPU.Build.0 = Release|Any CPU
	EndGlobalSection
	GlobalSection(SolutionProperties) = preSolution
		HideSolutionNode = FALSE
	EndGlobalSection
	GlobalSection(ExtensibilityGlobals) = postSolution
		SolutionGuid = {AF9DBCB5-4C30-4250-9A4E-3916126258BF}
	EndGlobalSection
EndGlobal
