
Microsoft Visual Studio Solution File, Format Version 12.00
# Visual Studio 15
VisualStudioVersion = 15.0.28010.2046
MinimumVisualStudioVersion = 10.0.40219.1
Project("{FAE04EC0-301F-11D3-BF4B-00C04F79EFBC}") = "Demo", "Demo.csproj", "{BAD6937C-1F6F-41AC-BF54-A55BF1167C03}"
EndProject
Global
	GlobalSection(SolutionConfigurationPlatforms) = preSolution
		Debug|Any CPU = Debug|Any CPU
		Release|Any CPU = Release|Any CPU
	EndGlobalSection
	GlobalSection(ProjectConfigurationPlatforms) = postSolution
		{BAD6937C-1F6F-41AC-BF54-A55BF1167C03}.Debug|Any CPU.ActiveCfg = Debug|Any CPU
		{BAD6937C-1F6F-41AC-BF54-A55BF1167C03}.Debug|Any CPU.Build.0 = Debug|Any CPU
		{BAD6937C-1F6F-41AC-BF54-A55BF1167C03}.Release|Any CPU.ActiveCfg = Release|Any CPU
		{BAD6937C-1F6F-41AC-BF54-A55BF1167C03}.Release|Any CPU.Build.0 = Release|Any CPU
	EndGlobalSection
	GlobalSection(SolutionProperties) = preSolution
		HideSolutionNode = FALSE
	EndGlobalSection
	GlobalSection(ExtensibilityGlobals) = postSolution
		SolutionGuid = {1CF88AA7-8DFE-4B38-B4C9-0FC91DB09695}
	EndGlobalSection
EndGlobal
